<?xml version="1.0" encoding="utf-8"?>
<Project ToolsVersion="4.0" xmlns="http://schemas.microsoft.com/developer/msbuild/2003">
  <ItemGroup>
    <Filter Include="KamataEngine">
      <UniqueIdentifier>{4FC737F1-C7A5-4376-A066-2A32D752A2FF}</UniqueIdentifier>
      <Extensions>cpp;c;cc;cxx;c++;cppm;ixx;def;odl;idl;hpj;bat;asm;asmx</Extensions>
    </Filter>
    <Filter Include="KamataEngine\Source">
      <UniqueIdentifier>{d966e9f8-e880-44ae-8586-a08515e4cffc}</UniqueIdentifier>
    </Filter>
    <Filter Include="KamataEngine\Include">
      <UniqueIdentifier>{4aae4e40-94f7-4d32-9a91-c0c37a2edf0d}</UniqueIdentifier>
    </Filter>
    <Filter Include="KamataEngine\Adapter">
      <UniqueIdentifier>{c6468eb4-788b-4a83-b207-a5f4804e56c5}</UniqueIdentifier>
    </Filter>
    <Filter Include="KamataEngine\Header">
      <UniqueIdentifier>{a7e021a1-811a-40fb-b536-a1ec51428b7c}</UniqueIdentifier>
    </Filter>
    <Filter Include="KamataEngine\Source\Scene">
      <UniqueIdentifier>{04bfd82d-0d84-40a8-ae53-f537de683c9f}</UniqueIdentifier>
    </Filter>
    <Filter Include="KamataEngine\Source\Object">
      <UniqueIdentifier>{11c219d3-45ef-4a2a-86cb-d19ace8b7e7b}</UniqueIdentifier>
    </Filter>
    <Filter Include="KamataEngine\Header\Object">
      <UniqueIdentifier>{52d98d9a-7051-4d0d-be4a-34cf89326197}</UniqueIdentifier>
    </Filter>
    <Filter Include="KamataEngine\Header\Scene">
      <UniqueIdentifier>{7761dc9e-1221-42b6-bafc-65626edeb5ad}</UniqueIdentifier>
    </Filter>
  </ItemGroup>
  <ItemGroup>
    <ClCompile Include="C:\KamataEngine\Adapter\Novice.cpp">
      <Filter>KamataEngine\Adapter</Filter>
    </ClCompile>
    <ClCompile Include="main.cpp">
      <Filter>KamataEngine\Source</Filter>
    </ClCompile>
    <ClCompile Include="Camera.cpp">
      <Filter>KamataEngine\Source</Filter>
    </ClCompile>
    <ClCompile Include="Bullet.cpp">
      <Filter>KamataEngine\Source</Filter>
    </ClCompile>
    <ClCompile Include="Collision.cpp">
      <Filter>KamataEngine\Source</Filter>
    </ClCompile>
    <ClCompile Include="Title.cpp">
      <Filter>KamataEngine\Source\Scene</Filter>
    </ClCompile>
    <ClCompile Include="Scene.cpp">
      <Filter>KamataEngine\Source\Scene</Filter>
    </ClCompile>
    <ClCompile Include="Play.cpp">
      <Filter>KamataEngine\Source\Scene</Filter>
    </ClCompile>
    <ClCompile Include="Enemy.cpp">
      <Filter>KamataEngine\Source\Object</Filter>
    </ClCompile>
    <ClCompile Include="Player.cpp">
      <Filter>KamataEngine\Source\Object</Filter>
    </ClCompile>
    <ClCompile Include="Object.cpp">
      <Filter>KamataEngine\Source\Object</Filter>
    </ClCompile>
  </ItemGroup>
  <ItemGroup>
    <ClInclude Include="C:\KamataEngine\DirectXGame\audio\Audio.h">
      <Filter>KamataEngine\Include</Filter>
    </ClInclude>
    <ClInclude Include="C:\KamataEngine\DirectXGame\2d\DebugText.h">
      <Filter>KamataEngine\Include</Filter>
    </ClInclude>
    <ClInclude Include="C:\KamataEngine\DirectXGame\base\DirectXCommon.h">
      <Filter>KamataEngine\Include</Filter>
    </ClInclude>
    <ClInclude Include="C:\KamataEngine\DirectXGame\scene\GameScene.h">
      <Filter>KamataEngine\Include</Filter>
    </ClInclude>
    <ClInclude Include="C:\KamataEngine\DirectXGame\input\Input.h">
      <Filter>KamataEngine\Include</Filter>
    </ClInclude>
    <ClInclude Include="C:\KamataEngine\DirectXGame\3d\Model.h">
      <Filter>KamataEngine\Include</Filter>
    </ClInclude>
    <ClInclude Include="C:\KamataEngine\DirectXGame\base\SafeDelete.h">
      <Filter>KamataEngine\Include</Filter>
    </ClInclude>
    <ClInclude Include="C:\KamataEngine\DirectXGame\2d\Sprite.h">
      <Filter>KamataEngine\Include</Filter>
    </ClInclude>
    <ClInclude Include="C:\KamataEngine\DirectXGame\base\TextureManager.h">
      <Filter>KamataEngine\Include</Filter>
    </ClInclude>
    <ClInclude Include="C:\KamataEngine\DirectXGame\base\WinApp.h">
      <Filter>KamataEngine\Include</Filter>
    </ClInclude>
    <ClInclude Include="C:\KamataEngine\DirectXGame\3d\WorldTransform.h">
      <Filter>KamataEngine\Include</Filter>
    </ClInclude>
    <ClInclude Include="C:\KamataEngine\Adapter\Novice.h">
      <Filter>KamataEngine\Adapter</Filter>
    </ClInclude>
    <ClInclude Include="C:\KamataEngine\DirectXGame\3d\CircleShadow.h">
      <Filter>KamataEngine\Include</Filter>
    </ClInclude>
    <ClInclude Include="C:\KamataEngine\DirectXGame\3d\DebugCamera.h">
      <Filter>KamataEngine\Include</Filter>
    </ClInclude>
    <ClInclude Include="C:\KamataEngine\DirectXGame\3d\DirectionalLight.h">
      <Filter>KamataEngine\Include</Filter>
    </ClInclude>
    <ClInclude Include="C:\KamataEngine\DirectXGame\3d\LightGroup.h">
      <Filter>KamataEngine\Include</Filter>
    </ClInclude>
    <ClInclude Include="C:\KamataEngine\DirectXGame\3d\Material.h">
      <Filter>KamataEngine\Include</Filter>
    </ClInclude>
    <ClInclude Include="C:\KamataEngine\DirectXGame\3d\Mesh.h">
      <Filter>KamataEngine\Include</Filter>
    </ClInclude>
    <ClInclude Include="C:\KamataEngine\DirectXGame\3d\PointLight.h">
      <Filter>KamataEngine\Include</Filter>
    </ClInclude>
    <ClInclude Include="C:\KamataEngine\DirectXGame\3d\SpotLight.h">
      <Filter>KamataEngine\Include</Filter>
    </ClInclude>
    <ClInclude Include="C:\KamataEngine\DirectXGame\base\StringUtility.h">
      <Filter>KamataEngine\Include</Filter>
    </ClInclude>
    <ClInclude Include="..\DirectXGame\3d\Camera.h">
      <Filter>KamataEngine\Include</Filter>
    </ClInclude>
    <ClInclude Include="C:\KamataEngine\DirectXGame\math\Matrix4x4.h">
      <Filter>KamataEngine\Include</Filter>
    </ClInclude>
    <ClInclude Include="C:\KamataEngine\DirectXGame\math\Vector2.h">
      <Filter>KamataEngine\Include</Filter>
    </ClInclude>
    <ClInclude Include="C:\KamataEngine\DirectXGame\math\Vector3.h">
      <Filter>KamataEngine\Include</Filter>
    </ClInclude>
    <ClInclude Include="C:\KamataEngine\DirectXGame\math\Vector4.h">
      <Filter>KamataEngine\Include</Filter>
    </ClInclude>
    <ClInclude Include="C:\KamataEngine\DirectXGame\2d\ImGuiManager.h">
      <Filter>KamataEngine\Include</Filter>
    </ClInclude>
    <ClInclude Include="Struct.h">
      <Filter>KamataEngine\Header</Filter>
    </ClInclude>
    <ClInclude Include="Camera.h">
      <Filter>KamataEngine\Header</Filter>
    </ClInclude>
    <ClInclude Include="Bullet.h">
      <Filter>KamataEngine\Header</Filter>
    </ClInclude>
    <ClInclude Include="Collision.h">
      <Filter>KamataEngine\Header</Filter>
    </ClInclude>
    <ClInclude Include="Player.h">
      <Filter>KamataEngine\Header\Object</Filter>
    </ClInclude>
    <ClInclude Include="Enemy.h">
      <Filter>KamataEngine\Header\Object</Filter>
    </ClInclude>
    <ClInclude Include="Title.h">
      <Filter>KamataEngine\Header\Scene</Filter>
    </ClInclude>
    <ClInclude Include="Scene.h">
      <Filter>KamataEngine\Header\Scene</Filter>
    </ClInclude>
    <ClInclude Include="Play.h">
      <Filter>KamataEngine\Header\Scene</Filter>
    </ClInclude>
    <ClInclude Include="Object.h">
      <Filter>KamataEngine\Header\Object</Filter>
    </ClInclude>
  </ItemGroup>
</Project>